// !$*UTF8*$!
{
	archiveVersion = 1;
	classes = {
	};
	objectVersion = 50;
	objects = {

/* Begin PBXBuildFile section */
		2BE1B93725B770FD00634FAA /* AppDelegate.swift in Sources */ = {isa = PBXBuildFile; fileRef = 2BE1B93625B770FD00634FAA /* AppDelegate.swift */; };
		2BE1B93925B770FD00634FAA /* SceneDelegate.swift in Sources */ = {isa = PBXBuildFile; fileRef = 2BE1B93825B770FD00634FAA /* SceneDelegate.swift */; };
		2BE1B93B25B770FD00634FAA /* ContentView.swift in Sources */ = {isa = PBXBuildFile; fileRef = 2BE1B93A25B770FD00634FAA /* ContentView.swift */; };
		2BE1B93E25B770FD00634FAA /* TaskToDo.xcdatamodeld in Sources */ = {isa = PBXBuildFile; fileRef = 2BE1B93C25B770FD00634FAA /* TaskToDo.xcdatamodeld */; };
		2BE1B94025B7710000634FAA /* Assets.xcassets in Resources */ = {isa = PBXBuildFile; fileRef = 2BE1B93F25B7710000634FAA /* Assets.xcassets */; };
		2BE1B94325B7710000634FAA /* Preview Assets.xcassets in Resources */ = {isa = PBXBuildFile; fileRef = 2BE1B94225B7710000634FAA /* Preview Assets.xcassets */; };
		2BE1B94625B7710000634FAA /* LaunchScreen.storyboard in Resources */ = {isa = PBXBuildFile; fileRef = 2BE1B94425B7710000634FAA /* LaunchScreen.storyboard */; };
		2BE1B95125B7715E00634FAA /* AddToDoView.swift in Sources */ = {isa = PBXBuildFile; fileRef = 2BE1B95025B7715E00634FAA /* AddToDoView.swift */; };
		2BE1B95525B77F0600634FAA /* EmptyListView.swift in Sources */ = {isa = PBXBuildFile; fileRef = 2BE1B95425B77F0600634FAA /* EmptyListView.swift */; };
		2BE1B95925B7941A00634FAA /* SettingsView.swift in Sources */ = {isa = PBXBuildFile; fileRef = 2BE1B95825B7941A00634FAA /* SettingsView.swift */; };
		2BE1B95C25B7978700634FAA /* FormRowStaticView.swift in Sources */ = {isa = PBXBuildFile; fileRef = 2BE1B95B25B7978700634FAA /* FormRowStaticView.swift */; };
		2BE1B95F25B7999A00634FAA /* FormRowLinkView.swift in Sources */ = {isa = PBXBuildFile; fileRef = 2BE1B95E25B7999A00634FAA /* FormRowLinkView.swift */; };
/* End PBXBuildFile section */

/* Begin PBXFileReference section */
		2BE1B93325B770FD00634FAA /* TaskToDo.app */ = {isa = PBXFileReference; explicitFileType = wrapper.application; includeInIndex = 0; path = TaskToDo.app; sourceTree = BUILT_PRODUCTS_DIR; };
		2BE1B93625B770FD00634FAA /* AppDelegate.swift */ = {isa = PBXFileReference; lastKnownFileType = sourcecode.swift; path = AppDelegate.swift; sourceTree = "<group>"; };
		2BE1B93825B770FD00634FAA /* SceneDelegate.swift */ = {isa = PBXFileReference; lastKnownFileType = sourcecode.swift; path = SceneDelegate.swift; sourceTree = "<group>"; };
		2BE1B93A25B770FD00634FAA /* ContentView.swift */ = {isa = PBXFileReference; lastKnownFileType = sourcecode.swift; path = ContentView.swift; sourceTree = "<group>"; };
		2BE1B93D25B770FD00634FAA /* TaskToDo.xcdatamodel */ = {isa = PBXFileReference; lastKnownFileType = wrapper.xcdatamodel; path = TaskToDo.xcdatamodel; sourceTree = "<group>"; };
		2BE1B93F25B7710000634FAA /* Assets.xcassets */ = {isa = PBXFileReference; lastKnownFileType = folder.assetcatalog; path = Assets.xcassets; sourceTree = "<group>"; };
		2BE1B94225B7710000634FAA /* Preview Assets.xcassets */ = {isa = PBXFileReference; lastKnownFileType = folder.assetcatalog; path = "Preview Assets.xcassets"; sourceTree = "<group>"; };
		2BE1B94525B7710000634FAA /* Base */ = {isa = PBXFileReference; lastKnownFileType = file.storyboard; name = Base; path = Base.lproj/LaunchScreen.storyboard; sourceTree = "<group>"; };
		2BE1B94725B7710000634FAA /* Info.plist */ = {isa = PBXFileReference; lastKnownFileType = text.plist.xml; path = Info.plist; sourceTree = "<group>"; };
		2BE1B95025B7715E00634FAA /* AddToDoView.swift */ = {isa = PBXFileReference; lastKnownFileType = sourcecode.swift; path = AddToDoView.swift; sourceTree = "<group>"; };
		2BE1B95425B77F0600634FAA /* EmptyListView.swift */ = {isa = PBXFileReference; lastKnownFileType = sourcecode.swift; path = EmptyListView.swift; sourceTree = "<group>"; };
		2BE1B95825B7941A00634FAA /* SettingsView.swift */ = {isa = PBXFileReference; lastKnownFileType = sourcecode.swift; path = SettingsView.swift; sourceTree = "<group>"; };
		2BE1B95B25B7978700634FAA /* FormRowStaticView.swift */ = {isa = PBXFileReference; lastKnownFileType = sourcecode.swift; path = FormRowStaticView.swift; sourceTree = "<group>"; };
		2BE1B95E25B7999A00634FAA /* FormRowLinkView.swift */ = {isa = PBXFileReference; lastKnownFileType = sourcecode.swift; path = FormRowLinkView.swift; sourceTree = "<group>"; };
/* End PBXFileReference section */

/* Begin PBXFrameworksBuildPhase section */
		2BE1B93025B770FD00634FAA /* Frameworks */ = {
			isa = PBXFrameworksBuildPhase;
			buildActionMask = 2147483647;
			files = (
			);
			runOnlyForDeploymentPostprocessing = 0;
		};
/* End PBXFrameworksBuildPhase section */

/* Begin PBXGroup section */
		2BE1B92A25B770FD00634FAA = {
			isa = PBXGroup;
			children = (
				2BE1B93525B770FD00634FAA /* TaskToDo */,
				2BE1B93425B770FD00634FAA /* Products */,
			);
			sourceTree = "<group>";
		};
		2BE1B93425B770FD00634FAA /* Products */ = {
			isa = PBXGroup;
			children = (
				2BE1B93325B770FD00634FAA /* TaskToDo.app */,
			);
			name = Products;
			sourceTree = "<group>";
		};
		2BE1B93525B770FD00634FAA /* TaskToDo */ = {
			isa = PBXGroup;
			children = (
				2BE1B93625B770FD00634FAA /* AppDelegate.swift */,
				2BE1B93825B770FD00634FAA /* SceneDelegate.swift */,
				2BE1B94E25B7713200634FAA /* View */,
				2BE1B93F25B7710000634FAA /* Assets.xcassets */,
				2BE1B94425B7710000634FAA /* LaunchScreen.storyboard */,
				2BE1B94725B7710000634FAA /* Info.plist */,
				2BE1B93C25B770FD00634FAA /* TaskToDo.xcdatamodeld */,
				2BE1B94125B7710000634FAA /* Preview Content */,
			);
			path = TaskToDo;
			sourceTree = "<group>";
		};
		2BE1B94125B7710000634FAA /* Preview Content */ = {
			isa = PBXGroup;
			children = (
				2BE1B94225B7710000634FAA /* Preview Assets.xcassets */,
			);
			path = "Preview Content";
			sourceTree = "<group>";
		};
		2BE1B94E25B7713200634FAA /* View */ = {
			isa = PBXGroup;
			children = (
				2BE1B93A25B770FD00634FAA /* ContentView.swift */,
				2BE1B95825B7941A00634FAA /* SettingsView.swift */,
				2BE1B95425B77F0600634FAA /* EmptyListView.swift */,
				2BE1B95025B7715E00634FAA /* AddToDoView.swift */,
				2BE1B95B25B7978700634FAA /* FormRowStaticView.swift */,
				2BE1B95E25B7999A00634FAA /* FormRowLinkView.swift */,
			);
			path = View;
			sourceTree = "<group>";
		};
/* End PBXGroup section */

/* Begin PBXNativeTarget section */
		2BE1B93225B770FD00634FAA /* TaskToDo */ = {
			isa = PBXNativeTarget;
			buildConfigurationList = 2BE1B94A25B7710000634FAA /* Build configuration list for PBXNativeTarget "TaskToDo" */;
			buildPhases = (
				2BE1B92F25B770FD00634FAA /* Sources */,
				2BE1B93025B770FD00634FAA /* Frameworks */,
				2BE1B93125B770FD00634FAA /* Resources */,
			);
			buildRules = (
			);
			dependencies = (
			);
			name = TaskToDo;
			productName = TaskToDo;
			productReference = 2BE1B93325B770FD00634FAA /* TaskToDo.app */;
			productType = "com.apple.product-type.application";
		};
/* End PBXNativeTarget section */

/* Begin PBXProject section */
		2BE1B92B25B770FD00634FAA /* Project object */ = {
			isa = PBXProject;
			attributes = {
				LastSwiftUpdateCheck = 1230;
				LastUpgradeCheck = 1230;
				TargetAttributes = {
					2BE1B93225B770FD00634FAA = {
						CreatedOnToolsVersion = 12.3;
					};
				};
			};
			buildConfigurationList = 2BE1B92E25B770FD00634FAA /* Build configuration list for PBXProject "TaskToDo" */;
			compatibilityVersion = "Xcode 9.3";
			developmentRegion = en;
			hasScannedForEncodings = 0;
			knownRegions = (
				en,
				Base,
			);
			mainGroup = 2BE1B92A25B770FD00634FAA;
			productRefGroup = 2BE1B93425B770FD00634FAA /* Products */;
			projectDirPath = "";
			projectRoot = "";
			targets = (
				2BE1B93225B770FD00634FAA /* TaskToDo */,
			);
		};
/* End PBXProject section */

/* Begin PBXResourcesBuildPhase section */
		2BE1B93125B770FD00634FAA /* Resources */ = {
			isa = PBXResourcesBuildPhase;
			buildActionMask = 2147483647;
			files = (
				2BE1B94625B7710000634FAA /* LaunchScreen.storyboard in Resources */,
				2BE1B94325B7710000634FAA /* Preview Assets.xcassets in Resources */,
				2BE1B94025B7710000634FAA /* Assets.xcassets in Resources */,
			);
			runOnlyForDeploymentPostprocessing = 0;
		};
/* End PBXResourcesBuildPhase section */

/* Begin PBXSourcesBuildPhase section */
		2BE1B92F25B770FD00634FAA /* Sources */ = {
			isa = PBXSourcesBuildPhase;
			buildActionMask = 2147483647;
			files = (
				2BE1B95925B7941A00634FAA /* SettingsView.swift in Sources */,
				2BE1B95C25B7978700634FAA /* FormRowStaticView.swift in Sources */,
				2BE1B95F25B7999A00634FAA /* FormRowLinkView.swift in Sources */,
				2BE1B93725B770FD00634FAA /* AppDelegate.swift in Sources */,
				2BE1B95125B7715E00634FAA /* AddToDoView.swift in Sources */,
				2BE1B95525B77F0600634FAA /* EmptyListView.swift in Sources */,
				2BE1B93925B770FD00634FAA /* SceneDelegate.swift in Sources */,
				2BE1B93E25B770FD00634FAA /* TaskToDo.xcdatamodeld in Sources */,
				2BE1B93B25B770FD00634FAA /* ContentView.swift in Sources */,
			);
			runOnlyForDeploymentPostprocessing = 0;
		};
/* End PBXSourcesBuildPhase section */

/* Begin PBXVariantGroup section */
		2BE1B94425B7710000634FAA /* LaunchScreen.storyboard */ = {
			isa = PBXVariantGroup;
			children = (
				2BE1B94525B7710000634FAA /* Base */,
			);
			name = LaunchScreen.storyboard;
			sourceTree = "<group>";
		};
/* End PBXVariantGroup section */

/* Begin XCBuildConfiguration section */
		2BE1B94825B7710000634FAA /* Debug */ = {
			isa = XCBuildConfiguration;
			buildSettings = {
				ALWAYS_SEARCH_USER_PATHS = NO;
				CLANG_ANALYZER_NONNULL = YES;
				CLANG_ANALYZER_NUMBER_OBJECT_CONVERSION = YES_AGGRESSIVE;
				CLANG_CXX_LANGUAGE_STANDARD = "gnu++14";
				CLANG_CXX_LIBRARY = "libc++";
				CLANG_ENABLE_MODULES = YES;
				CLANG_ENABLE_OBJC_ARC = YES;
				CLANG_ENABLE_OBJC_WEAK = YES;
				CLANG_WARN_BLOCK_CAPTURE_AUTORELEASING = YES;
				CLANG_WARN_BOOL_CONVERSION = YES;
				CLANG_WARN_COMMA = YES;
				CLANG_WARN_CONSTANT_CONVERSION = YES;
				CLANG_WARN_DEPRECATED_OBJC_IMPLEMENTATIONS = YES;
				CLANG_WARN_DIRECT_OBJC_ISA_USAGE = YES_ERROR;
				CLANG_WARN_DOCUMENTATION_COMMENTS = YES;
				CLANG_WARN_EMPTY_BODY = YES;
				CLANG_WARN_ENUM_CONVERSION = YES;
				CLANG_WARN_INFINITE_RECURSION = YES;
				CLANG_WARN_INT_CONVERSION = YES;
				CLANG_WARN_NON_LITERAL_NULL_CONVERSION = YES;
				CLANG_WARN_OBJC_IMPLICIT_RETAIN_SELF = YES;
				CLANG_WARN_OBJC_LITERAL_CONVERSION = YES;
				CLANG_WARN_OBJC_ROOT_CLASS = YES_ERROR;
				CLANG_WARN_QUOTED_INCLUDE_IN_FRAMEWORK_HEADER = YES;
				CLANG_WARN_RANGE_LOOP_ANALYSIS = YES;
				CLANG_WARN_STRICT_PROTOTYPES = YES;
				CLANG_WARN_SUSPICIOUS_MOVE = YES;
				CLANG_WARN_UNGUARDED_AVAILABILITY = YES_AGGRESSIVE;
				CLANG_WARN_UNREACHABLE_CODE = YES;
				CLANG_WARN__DUPLICATE_METHOD_MATCH = YES;
				COPY_PHASE_STRIP = NO;
				DEBUG_INFORMATION_FORMAT = dwarf;
				ENABLE_STRICT_OBJC_MSGSEND = YES;
				ENABLE_TESTABILITY = YES;
				GCC_C_LANGUAGE_STANDARD = gnu11;
				GCC_DYNAMIC_NO_PIC = NO;
				GCC_NO_COMMON_BLOCKS = YES;
				GCC_OPTIMIZATION_LEVEL = 0;
				GCC_PREPROCESSOR_DEFINITIONS = (
					"DEBUG=1",
					"$(inherited)",
				);
				GCC_WARN_64_TO_32_BIT_CONVERSION = YES;
				GCC_WARN_ABOUT_RETURN_TYPE = YES_ERROR;
				GCC_WARN_UNDECLARED_SELECTOR = YES;
				GCC_WARN_UNINITIALIZED_AUTOS = YES_AGGRESSIVE;
				GCC_WARN_UNUSED_FUNCTION = YES;
				GCC_WARN_UNUSED_VARIABLE = YES;
				IPHONEOS_DEPLOYMENT_TARGET = 14.3;
				MTL_ENABLE_DEBUG_INFO = INCLUDE_SOURCE;
				MTL_FAST_MATH = YES;
				ONLY_ACTIVE_ARCH = YES;
				SDKROOT = iphoneos;
				SWIFT_ACTIVE_COMPILATION_CONDITIONS = DEBUG;
				SWIFT_OPTIMIZATION_LEVEL = "-Onone";
			};
			name = Debug;
		};
		2BE1B94925B7710000634FAA /* Release */ = {
			isa = XCBuildConfiguration;
			buildSettings = {
				ALWAYS_SEARCH_USER_PATHS = NO;
				CLANG_ANALYZER_NONNULL = YES;
				CLANG_ANALYZER_NUMBER_OBJECT_CONVERSION = YES_AGGRESSIVE;
				CLANG_CXX_LANGUAGE_STANDARD = "gnu++14";
				CLANG_CXX_LIBRARY = "libc++";
				CLANG_ENABLE_MODULES = YES;
				CLANG_ENABLE_OBJC_ARC = YES;
				CLANG_ENABLE_OBJC_WEAK = YES;
				CLANG_WARN_BLOCK_CAPTURE_AUTORELEASING = YES;
				CLANG_WARN_BOOL_CONVERSION = YES;
				CLANG_WARN_COMMA = YES;
				CLANG_WARN_CONSTANT_CONVERSION = YES;
				CLANG_WARN_DEPRECATED_OBJC_IMPLEMENTATIONS = YES;
				CLANG_WARN_DIRECT_OBJC_ISA_USAGE = YES_ERROR;
				CLANG_WARN_DOCUMENTATION_COMMENTS = YES;
				CLANG_WARN_EMPTY_BODY = YES;
				CLANG_WARN_ENUM_CONVERSION = YES;
				CLANG_WARN_INFINITE_RECURSION = YES;
				CLANG_WARN_INT_CONVERSION = YES;
				CLANG_WARN_NON_LITERAL_NULL_CONVERSION = YES;
				CLANG_WARN_OBJC_IMPLICIT_RETAIN_SELF = YES;
				CLANG_WARN_OBJC_LITERAL_CONVERSION = YES;
				CLANG_WARN_OBJC_ROOT_CLASS = YES_ERROR;
				CLANG_WARN_QUOTED_INCLUDE_IN_FRAMEWORK_HEADER = YES;
				CLANG_WARN_RANGE_LOOP_ANALYSIS = YES;
				CLANG_WARN_STRICT_PROTOTYPES = YES;
				CLANG_WARN_SUSPICIOUS_MOVE = YES;
				CLANG_WARN_UNGUARDED_AVAILABILITY = YES_AGGRESSIVE;
				CLANG_WARN_UNREACHABLE_CODE = YES;
				CLANG_WARN__DUPLICATE_METHOD_MATCH = YES;
				COPY_PHASE_STRIP = NO;
				DEBUG_INFORMATION_FORMAT = "dwarf-with-dsym";
				ENABLE_NS_ASSERTIONS = NO;
				ENABLE_STRICT_OBJC_MSGSEND = YES;
				GCC_C_LANGUAGE_STANDARD = gnu11;
				GCC_NO_COMMON_BLOCKS = YES;
				GCC_WARN_64_TO_32_BIT_CONVERSION = YES;
				GCC_WARN_ABOUT_RETURN_TYPE = YES_ERROR;
				GCC_WARN_UNDECLARED_SELECTOR = YES;
				GCC_WARN_UNINITIALIZED_AUTOS = YES_AGGRESSIVE;
				GCC_WARN_UNUSED_FUNCTION = YES;
				GCC_WARN_UNUSED_VARIABLE = YES;
				IPHONEOS_DEPLOYMENT_TARGET = 14.3;
				MTL_ENABLE_DEBUG_INFO = NO;
				MTL_FAST_MATH = YES;
				SDKROOT = iphoneos;
				SWIFT_COMPILATION_MODE = wholemodule;
				SWIFT_OPTIMIZATION_LEVEL = "-O";
				VALIDATE_PRODUCT = YES;
			};
			name = Release;
		};
		2BE1B94B25B7710000634FAA /* Debug */ = {
			isa = XCBuildConfiguration;
			buildSettings = {
				ASSETCATALOG_COMPILER_APPICON_NAME = AppIcon;
				ASSETCATALOG_COMPILER_GLOBAL_ACCENT_COLOR_NAME = AccentColor;
				CODE_SIGN_STYLE = Automatic;
				DEVELOPMENT_ASSET_PATHS = "\"TaskToDo/Preview Content\"";
				DEVELOPMENT_TEAM = 83G7A45R26;
				ENABLE_PREVIEWS = YES;
				INFOPLIST_FILE = TaskToDo/Info.plist;
				LD_RUNPATH_SEARCH_PATHS = (
					"$(inherited)",
					"@executable_path/Frameworks",
				);
				PRODUCT_BUNDLE_IDENTIFIER = fr.levent.ios.TaskToDo;
				PRODUCT_NAME = "$(TARGET_NAME)";
				SWIFT_VERSION = 5.0;
				TARGETED_DEVICE_FAMILY = "1,2";
			};
			name = Debug;
		};
		2BE1B94C25B7710000634FAA /* Release */ = {
			isa = XCBuildConfiguration;
			buildSettings = {
				ASSETCATALOG_COMPILER_APPICON_NAME = AppIcon;
				ASSETCATALOG_COMPILER_GLOBAL_ACCENT_COLOR_NAME = AccentColor;
				CODE_SIGN_STYLE = Automatic;
				DEVELOPMENT_ASSET_PATHS = "\"TaskToDo/Preview Content\"";
				DEVELOPMENT_TEAM = 83G7A45R26;
				ENABLE_PREVIEWS = YES;
				INFOPLIST_FILE = TaskToDo/Info.plist;
				LD_RUNPATH_SEARCH_PATHS = (
					"$(inherited)",
					"@executable_path/Frameworks",
				);
				PRODUCT_BUNDLE_IDENTIFIER = fr.levent.ios.TaskToDo;
				PRODUCT_NAME = "$(TARGET_NAME)";
				SWIFT_VERSION = 5.0;
				TARGETED_DEVICE_FAMILY = "1,2";
			};
			name = Release;
		};
/* End XCBuildConfiguration section */

/* Begin XCConfigurationList section */
		2BE1B92E25B770FD00634FAA /* Build configuration list for PBXProject "TaskToDo" */ = {
			isa = XCConfigurationList;
			buildConfigurations = (
				2BE1B94825B7710000634FAA /* Debug */,
				2BE1B94925B7710000634FAA /* Release */,
			);
			defaultConfigurationIsVisible = 0;
			defaultConfigurationName = Release;
		};
		2BE1B94A25B7710000634FAA /* Build configuration list for PBXNativeTarget "TaskToDo" */ = {
			isa = XCConfigurationList;
			buildConfigurations = (
				2BE1B94B25B7710000634FAA /* Debug */,
				2BE1B94C25B7710000634FAA /* Release */,
			);
			defaultConfigurationIsVisible = 0;
			defaultConfigurationName = Release;
		};
/* End XCConfigurationList section */

/* Begin XCVersionGroup section */
		2BE1B93C25B770FD00634FAA /* TaskToDo.xcdatamodeld */ = {
			isa = XCVersionGroup;
			children = (
				2BE1B93D25B770FD00634FAA /* TaskToDo.xcdatamodel */,
			);
			currentVersion = 2BE1B93D25B770FD00634FAA /* TaskToDo.xcdatamodel */;
			path = TaskToDo.xcdatamodeld;
			sourceTree = "<group>";
			versionGroupType = wrapper.xcdatamodel;
		};
/* End XCVersionGroup section */
	};
	rootObject = 2BE1B92B25B770FD00634FAA /* Project object */;
}
